
Microsoft Visual Studio Solution File, Format Version 12.00
# Visual Studio Version 17
VisualStudioVersion = 17.3.32819.101
MinimumVisualStudioVersion = 10.0.40219.1
Project("{FAE04EC0-301F-11D3-BF4B-00C04F79EFBC}") = "SortAlgorithms", "SortAlgorithms\SortAlgorithms.csproj", "{E38C67AD-E027-4850-8A7F-BFE32CDC86C7}"
EndProject
Project("{FAE04EC0-301F-11D3-BF4B-00C04F79EFBC}") = "Algorithm", "Algorithm\Algorithm.csproj", "{882F035D-29EF-498E-8469-9854B5B21457}"
EndProject
Project("{FAE04EC0-301F-11D3-BF4B-00C04F79EFBC}") = "AlgorithmTests", "AlgorithmTests\AlgorithmTests.csproj", "{ED51B5B1-0834-4CDF-9424-F29A95580299}"
EndProject
Global
	GlobalSection(SolutionConfigurationPlatforms) = preSolution
		Debug|Any CPU = Debug|Any CPU
		Release|Any CPU = Release|Any CPU
	EndGlobalSection
	GlobalSection(ProjectConfigurationPlatforms) = postSolution
		{E38C67AD-E027-4850-8A7F-BFE32CDC86C7}.Debug|Any CPU.ActiveCfg = Debug|Any CPU
		{E38C67AD-E027-4850-8A7F-BFE32CDC86C7}.Debug|Any CPU.Build.0 = Debug|Any CPU
		{E38C67AD-E027-4850-8A7F-BFE32CDC86C7}.Release|Any CPU.ActiveCfg = Release|Any CPU
		{E38C67AD-E027-4850-8A7F-BFE32CDC86C7}.Release|Any CPU.Build.0 = Release|Any CPU
		{882F035D-29EF-498E-8469-9854B5B21457}.Debug|Any CPU.ActiveCfg = Debug|Any CPU
		{882F035D-29EF-498E-8469-9854B5B21457}.Debug|Any CPU.Build.0 = Debug|Any CPU
		{882F035D-29EF-498E-8469-9854B5B21457}.Release|Any CPU.ActiveCfg = Release|Any CPU
		{882F035D-29EF-498E-8469-9854B5B21457}.Release|Any CPU.Build.0 = Release|Any CPU
		{ED51B5B1-0834-4CDF-9424-F29A95580299}.Debug|Any CPU.ActiveCfg = Debug|Any CPU
		{ED51B5B1-0834-4CDF-9424-F29A95580299}.Debug|Any CPU.Build.0 = Debug|Any CPU
		{ED51B5B1-0834-4CDF-9424-F29A95580299}.Release|Any CPU.ActiveCfg = Release|Any CPU
		{ED51B5B1-0834-4CDF-9424-F29A95580299}.Release|Any CPU.Build.0 = Release|Any CPU
	EndGlobalSection
	GlobalSection(SolutionProperties) = preSolution
		HideSolutionNode = FALSE
	EndGlobalSection
	GlobalSection(ExtensibilityGlobals) = postSolution
		SolutionGuid = {7013B24B-91E7-440C-A763-CF02B54F8D3A}
	EndGlobalSection
EndGlobal
